// !$*UTF8*$!
{
	archiveVersion = 1;
	classes = {
	};
	objectVersion = 55;
	objects = {

/* Begin PBXBuildFile section */
		371F750D28D35E0A0065D647 /* drawingApp.swift in Sources */ = {isa = PBXBuildFile; fileRef = 371F750C28D35E0A0065D647 /* drawingApp.swift */; };
		371F750F28D35E0A0065D647 /* ContentView.swift in Sources */ = {isa = PBXBuildFile; fileRef = 371F750E28D35E0A0065D647 /* ContentView.swift */; };
		371F751128D35E0B0065D647 /* Assets.xcassets in Resources */ = {isa = PBXBuildFile; fileRef = 371F751028D35E0B0065D647 /* Assets.xcassets */; };
		371F751428D35E0B0065D647 /* Preview Assets.xcassets in Resources */ = {isa = PBXBuildFile; fileRef = 371F751328D35E0B0065D647 /* Preview Assets.xcassets */; };
		371F751E28D35E0B0065D647 /* drawingTests.swift in Sources */ = {isa = PBXBuildFile; fileRef = 371F751D28D35E0B0065D647 /* drawingTests.swift */; };
		371F752828D35E0B0065D647 /* drawingUITests.swift in Sources */ = {isa = PBXBuildFile; fileRef = 371F752728D35E0B0065D647 /* drawingUITests.swift */; };
		371F752A28D35E0B0065D647 /* drawingUITestsLaunchTests.swift in Sources */ = {isa = PBXBuildFile; fileRef = 371F752928D35E0B0065D647 /* drawingUITestsLaunchTests.swift */; };
		371F753D28D367530065D647 /* GestureCircleView.swift in Sources */ = {isa = PBXBuildFile; fileRef = 371F753C28D367530065D647 /* GestureCircleView.swift */; };
		371F753F28D3689E0065D647 /* BackgroundGradientView.swift in Sources */ = {isa = PBXBuildFile; fileRef = 371F753E28D3689E0065D647 /* BackgroundGradientView.swift */; };
/* End PBXBuildFile section */

/* Begin PBXContainerItemProxy section */
		371F751A28D35E0B0065D647 /* PBXContainerItemProxy */ = {
			isa = PBXContainerItemProxy;
			containerPortal = 371F750128D35E0A0065D647 /* Project object */;
			proxyType = 1;
			remoteGlobalIDString = 371F750828D35E0A0065D647;
			remoteInfo = drawing;
		};
		371F752428D35E0B0065D647 /* PBXContainerItemProxy */ = {
			isa = PBXContainerItemProxy;
			containerPortal = 371F750128D35E0A0065D647 /* Project object */;
			proxyType = 1;
			remoteGlobalIDString = 371F750828D35E0A0065D647;
			remoteInfo = drawing;
		};
/* End PBXContainerItemProxy section */

/* Begin PBXFileReference section */
		371F750928D35E0A0065D647 /* drawing.app */ = {isa = PBXFileReference; explicitFileType = wrapper.application; includeInIndex = 0; path = drawing.app; sourceTree = BUILT_PRODUCTS_DIR; };
		371F750C28D35E0A0065D647 /* drawingApp.swift */ = {isa = PBXFileReference; lastKnownFileType = sourcecode.swift; path = drawingApp.swift; sourceTree = "<group>"; };
		371F750E28D35E0A0065D647 /* ContentView.swift */ = {isa = PBXFileReference; lastKnownFileType = sourcecode.swift; path = ContentView.swift; sourceTree = "<group>"; };
		371F751028D35E0B0065D647 /* Assets.xcassets */ = {isa = PBXFileReference; lastKnownFileType = folder.assetcatalog; path = Assets.xcassets; sourceTree = "<group>"; };
		371F751328D35E0B0065D647 /* Preview Assets.xcassets */ = {isa = PBXFileReference; lastKnownFileType = folder.assetcatalog; path = "Preview Assets.xcassets"; sourceTree = "<group>"; };
		371F751928D35E0B0065D647 /* drawingTests.xctest */ = {isa = PBXFileReference; explicitFileType = wrapper.cfbundle; includeInIndex = 0; path = drawingTests.xctest; sourceTree = BUILT_PRODUCTS_DIR; };
		371F751D28D35E0B0065D647 /* drawingTests.swift */ = {isa = PBXFileReference; lastKnownFileType = sourcecode.swift; path = drawingTests.swift; sourceTree = "<group>"; };
		371F752328D35E0B0065D647 /* drawingUITests.xctest */ = {isa = PBXFileReference; explicitFileType = wrapper.cfbundle; includeInIndex = 0; path = drawingUITests.xctest; sourceTree = BUILT_PRODUCTS_DIR; };
		371F752728D35E0B0065D647 /* drawingUITests.swift */ = {isa = PBXFileReference; lastKnownFileType = sourcecode.swift; path = drawingUITests.swift; sourceTree = "<group>"; };
		371F752928D35E0B0065D647 /* drawingUITestsLaunchTests.swift */ = {isa = PBXFileReference; lastKnownFileType = sourcecode.swift; path = drawingUITestsLaunchTests.swift; sourceTree = "<group>"; };
		371F753C28D367530065D647 /* GestureCircleView.swift */ = {isa = PBXFileReference; lastKnownFileType = sourcecode.swift; path = GestureCircleView.swift; sourceTree = "<group>"; };
		371F753E28D3689E0065D647 /* BackgroundGradientView.swift */ = {isa = PBXFileReference; lastKnownFileType = sourcecode.swift; path = BackgroundGradientView.swift; sourceTree = "<group>"; };
/* End PBXFileReference section */

/* Begin PBXFrameworksBuildPhase section */
		371F750628D35E0A0065D647 /* Frameworks */ = {
			isa = PBXFrameworksBuildPhase;
			buildActionMask = 2147483647;
			files = (
			);
			runOnlyForDeploymentPostprocessing = 0;
		};
		371F751628D35E0B0065D647 /* Frameworks */ = {
			isa = PBXFrameworksBuildPhase;
			buildActionMask = 2147483647;
			files = (
			);
			runOnlyForDeploymentPostprocessing = 0;
		};
		371F752028D35E0B0065D647 /* Frameworks */ = {
			isa = PBXFrameworksBuildPhase;
			buildActionMask = 2147483647;
			files = (
			);
			runOnlyForDeploymentPostprocessing = 0;
		};
/* End PBXFrameworksBuildPhase section */

/* Begin PBXGroup section */
		371F750028D35E0A0065D647 = {
			isa = PBXGroup;
			children = (
				371F750B28D35E0A0065D647 /* drawing */,
				371F751C28D35E0B0065D647 /* drawingTests */,
				371F752628D35E0B0065D647 /* drawingUITests */,
				371F750A28D35E0A0065D647 /* Products */,
			);
			sourceTree = "<group>";
		};
		371F750A28D35E0A0065D647 /* Products */ = {
			isa = PBXGroup;
			children = (
				371F750928D35E0A0065D647 /* drawing.app */,
				371F751928D35E0B0065D647 /* drawingTests.xctest */,
				371F752328D35E0B0065D647 /* drawingUITests.xctest */,
			);
			name = Products;
			sourceTree = "<group>";
		};
		371F750B28D35E0A0065D647 /* drawing */ = {
			isa = PBXGroup;
			children = (
				371F750C28D35E0A0065D647 /* drawingApp.swift */,
				371F750E28D35E0A0065D647 /* ContentView.swift */,
				371F753C28D367530065D647 /* GestureCircleView.swift */,
				371F753E28D3689E0065D647 /* BackgroundGradientView.swift */,
				371F751028D35E0B0065D647 /* Assets.xcassets */,
				371F751228D35E0B0065D647 /* Preview Content */,
			);
			path = drawing;
			sourceTree = "<group>";
		};
		371F751228D35E0B0065D647 /* Preview Content */ = {
			isa = PBXGroup;
			children = (
				371F751328D35E0B0065D647 /* Preview Assets.xcassets */,
			);
			path = "Preview Content";
			sourceTree = "<group>";
		};
		371F751C28D35E0B0065D647 /* drawingTests */ = {
			isa = PBXGroup;
			children = (
				371F751D28D35E0B0065D647 /* drawingTests.swift */,
			);
			path = drawingTests;
			sourceTree = "<group>";
		};
		371F752628D35E0B0065D647 /* drawingUITests */ = {
			isa = PBXGroup;
			children = (
				371F752728D35E0B0065D647 /* drawingUITests.swift */,
				371F752928D35E0B0065D647 /* drawingUITestsLaunchTests.swift */,
			);
			path = drawingUITests;
			sourceTree = "<group>";
		};
/* End PBXGroup section */

/* Begin PBXNativeTarget section */
		371F750828D35E0A0065D647 /* drawing */ = {
			isa = PBXNativeTarget;
			buildConfigurationList = 371F752D28D35E0B0065D647 /* Build configuration list for PBXNativeTarget "drawing" */;
			buildPhases = (
				371F750528D35E0A0065D647 /* Sources */,
				371F750628D35E0A0065D647 /* Frameworks */,
				371F750728D35E0A0065D647 /* Resources */,
			);
			buildRules = (
			);
			dependencies = (
			);
			name = drawing;
			productName = drawing;
			productReference = 371F750928D35E0A0065D647 /* drawing.app */;
			productType = "com.apple.product-type.application";
		};
		371F751828D35E0B0065D647 /* drawingTests */ = {
			isa = PBXNativeTarget;
			buildConfigurationList = 371F753028D35E0B0065D647 /* Build configuration list for PBXNativeTarget "drawingTests" */;
			buildPhases = (
				371F751528D35E0B0065D647 /* Sources */,
				371F751628D35E0B0065D647 /* Frameworks */,
				371F751728D35E0B0065D647 /* Resources */,
			);
			buildRules = (
			);
			dependencies = (
				371F751B28D35E0B0065D647 /* PBXTargetDependency */,
			);
			name = drawingTests;
			productName = drawingTests;
			productReference = 371F751928D35E0B0065D647 /* drawingTests.xctest */;
			productType = "com.apple.product-type.bundle.unit-test";
		};
		371F752228D35E0B0065D647 /* drawingUITests */ = {
			isa = PBXNativeTarget;
			buildConfigurationList = 371F753328D35E0B0065D647 /* Build configuration list for PBXNativeTarget "drawingUITests" */;
			buildPhases = (
				371F751F28D35E0B0065D647 /* Sources */,
				371F752028D35E0B0065D647 /* Frameworks */,
				371F752128D35E0B0065D647 /* Resources */,
			);
			buildRules = (
			);
			dependencies = (
				371F752528D35E0B0065D647 /* PBXTargetDependency */,
			);
			name = drawingUITests;
			productName = drawingUITests;
			productReference = 371F752328D35E0B0065D647 /* drawingUITests.xctest */;
			productType = "com.apple.product-type.bundle.ui-testing";
		};
/* End PBXNativeTarget section */

/* Begin PBXProject section */
		371F750128D35E0A0065D647 /* Project object */ = {
			isa = PBXProject;
			attributes = {
				BuildIndependentTargetsInParallel = 1;
				LastSwiftUpdateCheck = 1340;
				LastUpgradeCheck = 1340;
				TargetAttributes = {
					371F750828D35E0A0065D647 = {
						CreatedOnToolsVersion = 13.4.1;
					};
					371F751828D35E0B0065D647 = {
						CreatedOnToolsVersion = 13.4.1;
						TestTargetID = 371F750828D35E0A0065D647;
					};
					371F752228D35E0B0065D647 = {
						CreatedOnToolsVersion = 13.4.1;
						TestTargetID = 371F750828D35E0A0065D647;
					};
				};
			};
			buildConfigurationList = 371F750428D35E0A0065D647 /* Build configuration list for PBXProject "drawing" */;
			compatibilityVersion = "Xcode 13.0";
			developmentRegion = en;
			hasScannedForEncodings = 0;
			knownRegions = (
				en,
				Base,
			);
			mainGroup = 371F750028D35E0A0065D647;
			productRefGroup = 371F750A28D35E0A0065D647 /* Products */;
			projectDirPath = "";
			projectRoot = "";
			targets = (
				371F750828D35E0A0065D647 /* drawing */,
				371F751828D35E0B0065D647 /* drawingTests */,
				371F752228D35E0B0065D647 /* drawingUITests */,
			);
		};
/* End PBXProject section */

/* Begin PBXResourcesBuildPhase section */
		371F750728D35E0A0065D647 /* Resources */ = {
			isa = PBXResourcesBuildPhase;
			buildActionMask = 2147483647;
			files = (
				371F751428D35E0B0065D647 /* Preview Assets.xcassets in Resources */,
				371F751128D35E0B0065D647 /* Assets.xcassets in Resources */,
			);
			runOnlyForDeploymentPostprocessing = 0;
		};
		371F751728D35E0B0065D647 /* Resources */ = {
			isa = PBXResourcesBuildPhase;
			buildActionMask = 2147483647;
			files = (
			);
			runOnlyForDeploymentPostprocessing = 0;
		};
		371F752128D35E0B0065D647 /* Resources */ = {
			isa = PBXResourcesBuildPhase;
			buildActionMask = 2147483647;
			files = (
			);
			runOnlyForDeploymentPostprocessing = 0;
		};
/* End PBXResourcesBuildPhase section */

/* Begin PBXSourcesBuildPhase section */
		371F750528D35E0A0065D647 /* Sources */ = {
			isa = PBXSourcesBuildPhase;
			buildActionMask = 2147483647;
			files = (
				371F753F28D3689E0065D647 /* BackgroundGradientView.swift in Sources */,
				371F753D28D367530065D647 /* GestureCircleView.swift in Sources */,
				371F750F28D35E0A0065D647 /* ContentView.swift in Sources */,
				371F750D28D35E0A0065D647 /* drawingApp.swift in Sources */,
			);
			runOnlyForDeploymentPostprocessing = 0;
		};
		371F751528D35E0B0065D647 /* Sources */ = {
			isa = PBXSourcesBuildPhase;
			buildActionMask = 2147483647;
			files = (
				371F751E28D35E0B0065D647 /* drawingTests.swift in Sources */,
			);
			runOnlyForDeploymentPostprocessing = 0;
		};
		371F751F28D35E0B0065D647 /* Sources */ = {
			isa = PBXSourcesBuildPhase;
			buildActionMask = 2147483647;
			files = (
				371F752828D35E0B0065D647 /* drawingUITests.swift in Sources */,
				371F752A28D35E0B0065D647 /* drawingUITestsLaunchTests.swift in Sources */,
			);
			runOnlyForDeploymentPostprocessing = 0;
		};
/* End PBXSourcesBuildPhase section */

/* Begin PBXTargetDependency section */
		371F751B28D35E0B0065D647 /* PBXTargetDependency */ = {
			isa = PBXTargetDependency;
			target = 371F750828D35E0A0065D647 /* drawing */;
			targetProxy = 371F751A28D35E0B0065D647 /* PBXContainerItemProxy */;
		};
		371F752528D35E0B0065D647 /* PBXTargetDependency */ = {
			isa = PBXTargetDependency;
			target = 371F750828D35E0A0065D647 /* drawing */;
			targetProxy = 371F752428D35E0B0065D647 /* PBXContainerItemProxy */;
		};
/* End PBXTargetDependency section */

/* Begin XCBuildConfiguration section */
		371F752B28D35E0B0065D647 /* Debug */ = {
			isa = XCBuildConfiguration;
			buildSettings = {
				ALWAYS_SEARCH_USER_PATHS = NO;
				CLANG_ANALYZER_NONNULL = YES;
				CLANG_ANALYZER_NUMBER_OBJECT_CONVERSION = YES_AGGRESSIVE;
				CLANG_CXX_LANGUAGE_STANDARD = "gnu++17";
				CLANG_ENABLE_MODULES = YES;
				CLANG_ENABLE_OBJC_ARC = YES;
				CLANG_ENABLE_OBJC_WEAK = YES;
				CLANG_WARN_BLOCK_CAPTURE_AUTORELEASING = YES;
				CLANG_WARN_BOOL_CONVERSION = YES;
				CLANG_WARN_COMMA = YES;
				CLANG_WARN_CONSTANT_CONVERSION = YES;
				CLANG_WARN_DEPRECATED_OBJC_IMPLEMENTATIONS = YES;
				CLANG_WARN_DIRECT_OBJC_ISA_USAGE = YES_ERROR;
				CLANG_WARN_DOCUMENTATION_COMMENTS = YES;
				CLANG_WARN_EMPTY_BODY = YES;
				CLANG_WARN_ENUM_CONVERSION = YES;
				CLANG_WARN_INFINITE_RECURSION = YES;
				CLANG_WARN_INT_CONVERSION = YES;
				CLANG_WARN_NON_LITERAL_NULL_CONVERSION = YES;
				CLANG_WARN_OBJC_IMPLICIT_RETAIN_SELF = YES;
				CLANG_WARN_OBJC_LITERAL_CONVERSION = YES;
				CLANG_WARN_OBJC_ROOT_CLASS = YES_ERROR;
				CLANG_WARN_QUOTED_INCLUDE_IN_FRAMEWORK_HEADER = YES;
				CLANG_WARN_RANGE_LOOP_ANALYSIS = YES;
				CLANG_WARN_STRICT_PROTOTYPES = YES;
				CLANG_WARN_SUSPICIOUS_MOVE = YES;
				CLANG_WARN_UNGUARDED_AVAILABILITY = YES_AGGRESSIVE;
				CLANG_WARN_UNREACHABLE_CODE = YES;
				CLANG_WARN__DUPLICATE_METHOD_MATCH = YES;
				COPY_PHASE_STRIP = NO;
				DEBUG_INFORMATION_FORMAT = dwarf;
				ENABLE_STRICT_OBJC_MSGSEND = YES;
				ENABLE_TESTABILITY = YES;
				GCC_C_LANGUAGE_STANDARD = gnu11;
				GCC_DYNAMIC_NO_PIC = NO;
				GCC_NO_COMMON_BLOCKS = YES;
				GCC_OPTIMIZATION_LEVEL = 0;
				GCC_PREPROCESSOR_DEFINITIONS = (
					"DEBUG=1",
					"$(inherited)",
				);
				GCC_WARN_64_TO_32_BIT_CONVERSION = YES;
				GCC_WARN_ABOUT_RETURN_TYPE = YES_ERROR;
				GCC_WARN_UNDECLARED_SELECTOR = YES;
				GCC_WARN_UNINITIALIZED_AUTOS = YES_AGGRESSIVE;
				GCC_WARN_UNUSED_FUNCTION = YES;
				GCC_WARN_UNUSED_VARIABLE = YES;
				IPHONEOS_DEPLOYMENT_TARGET = 15.5;
				MTL_ENABLE_DEBUG_INFO = INCLUDE_SOURCE;
				MTL_FAST_MATH = YES;
				ONLY_ACTIVE_ARCH = YES;
				SDKROOT = iphoneos;
				SWIFT_ACTIVE_COMPILATION_CONDITIONS = DEBUG;
				SWIFT_OPTIMIZATION_LEVEL = "-Onone";
			};
			name = Debug;
		};
		371F752C28D35E0B0065D647 /* Release */ = {
			isa = XCBuildConfiguration;
			buildSettings = {
				ALWAYS_SEARCH_USER_PATHS = NO;
				CLANG_ANALYZER_NONNULL = YES;
				CLANG_ANALYZER_NUMBER_OBJECT_CONVERSION = YES_AGGRESSIVE;
				CLANG_CXX_LANGUAGE_STANDARD = "gnu++17";
				CLANG_ENABLE_MODULES = YES;
				CLANG_ENABLE_OBJC_ARC = YES;
				CLANG_ENABLE_OBJC_WEAK = YES;
				CLANG_WARN_BLOCK_CAPTURE_AUTORELEASING = YES;
				CLANG_WARN_BOOL_CONVERSION = YES;
				CLANG_WARN_COMMA = YES;
				CLANG_WARN_CONSTANT_CONVERSION = YES;
				CLANG_WARN_DEPRECATED_OBJC_IMPLEMENTATIONS = YES;
				CLANG_WARN_DIRECT_OBJC_ISA_USAGE = YES_ERROR;
				CLANG_WARN_DOCUMENTATION_COMMENTS = YES;
				CLANG_WARN_EMPTY_BODY = YES;
				CLANG_WARN_ENUM_CONVERSION = YES;
				CLANG_WARN_INFINITE_RECURSION = YES;
				CLANG_WARN_INT_CONVERSION = YES;
				CLANG_WARN_NON_LITERAL_NULL_CONVERSION = YES;
				CLANG_WARN_OBJC_IMPLICIT_RETAIN_SELF = YES;
				CLANG_WARN_OBJC_LITERAL_CONVERSION = YES;
				CLANG_WARN_OBJC_ROOT_CLASS = YES_ERROR;
				CLANG_WARN_QUOTED_INCLUDE_IN_FRAMEWORK_HEADER = YES;
				CLANG_WARN_RANGE_LOOP_ANALYSIS = YES;
				CLANG_WARN_STRICT_PROTOTYPES = YES;
				CLANG_WARN_SUSPICIOUS_MOVE = YES;
				CLANG_WARN_UNGUARDED_AVAILABILITY = YES_AGGRESSIVE;
				CLANG_WARN_UNREACHABLE_CODE = YES;
				CLANG_WARN__DUPLICATE_METHOD_MATCH = YES;
				COPY_PHASE_STRIP = NO;
				DEBUG_INFORMATION_FORMAT = "dwarf-with-dsym";
				ENABLE_NS_ASSERTIONS = NO;
				ENABLE_STRICT_OBJC_MSGSEND = YES;
				GCC_C_LANGUAGE_STANDARD = gnu11;
				GCC_NO_COMMON_BLOCKS = YES;
				GCC_WARN_64_TO_32_BIT_CONVERSION = YES;
				GCC_WARN_ABOUT_RETURN_TYPE = YES_ERROR;
				GCC_WARN_UNDECLARED_SELECTOR = YES;
				GCC_WARN_UNINITIALIZED_AUTOS = YES_AGGRESSIVE;
				GCC_WARN_UNUSED_FUNCTION = YES;
				GCC_WARN_UNUSED_VARIABLE = YES;
				IPHONEOS_DEPLOYMENT_TARGET = 15.5;
				MTL_ENABLE_DEBUG_INFO = NO;
				MTL_FAST_MATH = YES;
				SDKROOT = iphoneos;
				SWIFT_COMPILATION_MODE = wholemodule;
				SWIFT_OPTIMIZATION_LEVEL = "-O";
				VALIDATE_PRODUCT = YES;
			};
			name = Release;
		};
		371F752E28D35E0B0065D647 /* Debug */ = {
			isa = XCBuildConfiguration;
			buildSettings = {
				ASSETCATALOG_COMPILER_APPICON_NAME = AppIcon;
				ASSETCATALOG_COMPILER_GLOBAL_ACCENT_COLOR_NAME = AccentColor;
				CODE_SIGN_STYLE = Automatic;
				CURRENT_PROJECT_VERSION = 1;
				DEVELOPMENT_ASSET_PATHS = "\"drawing/Preview Content\"";
				DEVELOPMENT_TEAM = 3264V2VMB2;
				ENABLE_PREVIEWS = YES;
				GENERATE_INFOPLIST_FILE = YES;
				INFOPLIST_KEY_UIApplicationSceneManifest_Generation = YES;
				INFOPLIST_KEY_UIApplicationSupportsIndirectInputEvents = YES;
				INFOPLIST_KEY_UILaunchScreen_Generation = YES;
				INFOPLIST_KEY_UISupportedInterfaceOrientations_iPad = "UIInterfaceOrientationPortrait UIInterfaceOrientationPortraitUpsideDown UIInterfaceOrientationLandscapeLeft UIInterfaceOrientationLandscapeRight";
				INFOPLIST_KEY_UISupportedInterfaceOrientations_iPhone = "UIInterfaceOrientationPortrait UIInterfaceOrientationLandscapeLeft UIInterfaceOrientationLandscapeRight";
				LD_RUNPATH_SEARCH_PATHS = (
					"$(inherited)",
					"@executable_path/Frameworks",
				);
				MARKETING_VERSION = 1.0;
				PRODUCT_BUNDLE_IDENTIFIER = com.amamamam.drawing;
				PRODUCT_NAME = "$(TARGET_NAME)";
				SWIFT_EMIT_LOC_STRINGS = YES;
				SWIFT_VERSION = 5.0;
				TARGETED_DEVICE_FAMILY = "1,2";
			};
			name = Debug;
		};
		371F752F28D35E0B0065D647 /* Release */ = {
			isa = XCBuildConfiguration;
			buildSettings = {
				ASSETCATALOG_COMPILER_APPICON_NAME = AppIcon;
				ASSETCATALOG_COMPILER_GLOBAL_ACCENT_COLOR_NAME = AccentColor;
				CODE_SIGN_STYLE = Automatic;
				CURRENT_PROJECT_VERSION = 1;
				DEVELOPMENT_ASSET_PATHS = "\"drawing/Preview Content\"";
				DEVELOPMENT_TEAM = 3264V2VMB2;
				ENABLE_PREVIEWS = YES;
				GENERATE_INFOPLIST_FILE = YES;
				INFOPLIST_KEY_UIApplicationSceneManifest_Generation = YES;
				INFOPLIST_KEY_UIApplicationSupportsIndirectInputEvents = YES;
				INFOPLIST_KEY_UILaunchScreen_Generation = YES;
				INFOPLIST_KEY_UISupportedInterfaceOrientations_iPad = "UIInterfaceOrientationPortrait UIInterfaceOrientationPortraitUpsideDown UIInterfaceOrientationLandscapeLeft UIInterfaceOrientationLandscapeRight";
				INFOPLIST_KEY_UISupportedInterfaceOrientations_iPhone = "UIInterfaceOrientationPortrait UIInterfaceOrientationLandscapeLeft UIInterfaceOrientationLandscapeRight";
				LD_RUNPATH_SEARCH_PATHS = (
					"$(inherited)",
					"@executable_path/Frameworks",
				);
				MARKETING_VERSION = 1.0;
				PRODUCT_BUNDLE_IDENTIFIER = com.amamamam.drawing;
				PRODUCT_NAME = "$(TARGET_NAME)";
				SWIFT_EMIT_LOC_STRINGS = YES;
				SWIFT_VERSION = 5.0;
				TARGETED_DEVICE_FAMILY = "1,2";
			};
			name = Release;
		};
		371F753128D35E0B0065D647 /* Debug */ = {
			isa = XCBuildConfiguration;
			buildSettings = {
				ALWAYS_EMBED_SWIFT_STANDARD_LIBRARIES = YES;
				BUNDLE_LOADER = "$(TEST_HOST)";
				CODE_SIGN_STYLE = Automatic;
				CURRENT_PROJECT_VERSION = 1;
				DEVELOPMENT_TEAM = 3264V2VMB2;
				GENERATE_INFOPLIST_FILE = YES;
				IPHONEOS_DEPLOYMENT_TARGET = 15.5;
				MARKETING_VERSION = 1.0;
				PRODUCT_BUNDLE_IDENTIFIER = com.amamamam.drawingTests;
				PRODUCT_NAME = "$(TARGET_NAME)";
				SWIFT_EMIT_LOC_STRINGS = NO;
				SWIFT_VERSION = 5.0;
				TARGETED_DEVICE_FAMILY = "1,2";
				TEST_HOST = "$(BUILT_PRODUCTS_DIR)/drawing.app/drawing";
			};
			name = Debug;
		};
		371F753228D35E0B0065D647 /* Release */ = {
			isa = XCBuildConfiguration;
			buildSettings = {
				ALWAYS_EMBED_SWIFT_STANDARD_LIBRARIES = YES;
				BUNDLE_LOADER = "$(TEST_HOST)";
				CODE_SIGN_STYLE = Automatic;
				CURRENT_PROJECT_VERSION = 1;
				DEVELOPMENT_TEAM = 3264V2VMB2;
				GENERATE_INFOPLIST_FILE = YES;
				IPHONEOS_DEPLOYMENT_TARGET = 15.5;
				MARKETING_VERSION = 1.0;
				PRODUCT_BUNDLE_IDENTIFIER = com.amamamam.drawingTests;
				PRODUCT_NAME = "$(TARGET_NAME)";
				SWIFT_EMIT_LOC_STRINGS = NO;
				SWIFT_VERSION = 5.0;
				TARGETED_DEVICE_FAMILY = "1,2";
				TEST_HOST = "$(BUILT_PRODUCTS_DIR)/drawing.app/drawing";
			};
			name = Release;
		};
		371F753428D35E0B0065D647 /* Debug */ = {
			isa = XCBuildConfiguration;
			buildSettings = {
				ALWAYS_EMBED_SWIFT_STANDARD_LIBRARIES = YES;
				CODE_SIGN_STYLE = Automatic;
				CURRENT_PROJECT_VERSION = 1;
				DEVELOPMENT_TEAM = 3264V2VMB2;
				GENERATE_INFOPLIST_FILE = YES;
				MARKETING_VERSION = 1.0;
				PRODUCT_BUNDLE_IDENTIFIER = com.amamamam.drawingUITests;
				PRODUCT_NAME = "$(TARGET_NAME)";
				SWIFT_EMIT_LOC_STRINGS = NO;
				SWIFT_VERSION = 5.0;
				TARGETED_DEVICE_FAMILY = "1,2";
				TEST_TARGET_NAME = drawing;
			};
			name = Debug;
		};
		371F753528D35E0B0065D647 /* Release */ = {
			isa = XCBuildConfiguration;
			buildSettings = {
				ALWAYS_EMBED_SWIFT_STANDARD_LIBRARIES = YES;
				CODE_SIGN_STYLE = Automatic;
				CURRENT_PROJECT_VERSION = 1;
				DEVELOPMENT_TEAM = 3264V2VMB2;
				GENERATE_INFOPLIST_FILE = YES;
				MARKETING_VERSION = 1.0;
				PRODUCT_BUNDLE_IDENTIFIER = com.amamamam.drawingUITests;
				PRODUCT_NAME = "$(TARGET_NAME)";
				SWIFT_EMIT_LOC_STRINGS = NO;
				SWIFT_VERSION = 5.0;
				TARGETED_DEVICE_FAMILY = "1,2";
				TEST_TARGET_NAME = drawing;
			};
			name = Release;
		};
/* End XCBuildConfiguration section */

/* Begin XCConfigurationList section */
		371F750428D35E0A0065D647 /* Build configuration list for PBXProject "drawing" */ = {
			isa = XCConfigurationList;
			buildConfigurations = (
				371F752B28D35E0B0065D647 /* Debug */,
				371F752C28D35E0B0065D647 /* Release */,
			);
			defaultConfigurationIsVisible = 0;
			defaultConfigurationName = Release;
		};
		371F752D28D35E0B0065D647 /* Build configuration list for PBXNativeTarget "drawing" */ = {
			isa = XCConfigurationList;
			buildConfigurations = (
				371F752E28D35E0B0065D647 /* Debug */,
				371F752F28D35E0B0065D647 /* Release */,
			);
			defaultConfigurationIsVisible = 0;
			defaultConfigurationName = Release;
		};
		371F753028D35E0B0065D647 /* Build configuration list for PBXNativeTarget "drawingTests" */ = {
			isa = XCConfigurationList;
			buildConfigurations = (
				371F753128D35E0B0065D647 /* Debug */,
				371F753228D35E0B0065D647 /* Release */,
			);
			defaultConfigurationIsVisible = 0;
			defaultConfigurationName = Release;
		};
		371F753328D35E0B0065D647 /* Build configuration list for PBXNativeTarget "drawingUITests" */ = {
			isa = XCConfigurationList;
			buildConfigurations = (
				371F753428D35E0B0065D647 /* Debug */,
				371F753528D35E0B0065D647 /* Release */,
			);
			defaultConfigurationIsVisible = 0;
			defaultConfigurationName = Release;
		};
/* End XCConfigurationList section */
	};
	rootObject = 371F750128D35E0A0065D647 /* Project object */;
}
